
Microsoft Visual Studio Solution File, Format Version 11.00
# Visual C++ Express 2010
Project("{8BC9CEB8-8B4A-11D0-8D11-00A0C91BC942}") = "kaixin.c", "kaixin.c\kaixin.c.vcxproj", "{D3A9114C-4A37-4519-AF2E-21B88B45D246}"
EndProject
Project("{8BC9CEB8-8B4A-11D0-8D11-00A0C91BC942}") = "shengrikuaile.c", "shengrikuaile.c\shengrikuaile.c.vcxproj", "{9E050553-D903-4B73-973B-240267B7077D}"
EndProject
Project("{8BC9CEB8-8B4A-11D0-8D11-00A0C91BC942}") = "test 12-13", "test 12-13\test 12-13.vcxproj", "{493DC923-660A-4EF3-AECD-17F9B07D9811}"
EndProject
Project("{8BC9CEB8-8B4A-11D0-8D11-00A0C91BC942}") = "test 12-16", "test 12-16\test 12-16.vcxproj", "{C41EA0A2-C78C-461A-939C-63D3F3984426}"
EndProject
Project("{8BC9CEB8-8B4A-11D0-8D11-00A0C91BC942}") = "test 12-20", "test 12-20\test 12-20.vcxproj", "{0B4F08E2-D1ED-4C48-92CF-24F48FA5D4BB}"
EndProject
Global
	GlobalSection(SolutionConfigurationPlatforms) = preSolution
		Debug|Win32 = Debug|Win32
		Debug|win64 = Debug|win64
		Debug|x64 = Debug|x64
		Release|Win32 = Release|Win32
		Release|win64 = Release|win64
		Release|x64 = Release|x64
		x64|Win32 = x64|Win32
		x64|win64 = x64|win64
		x64|x64 = x64|x64
	EndGlobalSection
	GlobalSection(ProjectConfigurationPlatforms) = postSolution
		{D3A9114C-4A37-4519-AF2E-21B88B45D246}.Debug|Win32.ActiveCfg = Debug|Win32
		{D3A9114C-4A37-4519-AF2E-21B88B45D246}.Debug|Win32.Build.0 = Debug|Win32
		{D3A9114C-4A37-4519-AF2E-21B88B45D246}.Debug|win64.ActiveCfg = Debug|Win32
		{D3A9114C-4A37-4519-AF2E-21B88B45D246}.Debug|win64.Build.0 = Debug|Win32
		{D3A9114C-4A37-4519-AF2E-21B88B45D246}.Debug|x64.ActiveCfg = Debug|Win32
		{D3A9114C-4A37-4519-AF2E-21B88B45D246}.Debug|x64.Build.0 = Debug|Win32
		{D3A9114C-4A37-4519-AF2E-21B88B45D246}.Release|Win32.ActiveCfg = Release|Win32
		{D3A9114C-4A37-4519-AF2E-21B88B45D246}.Release|Win32.Build.0 = Release|Win32
		{D3A9114C-4A37-4519-AF2E-21B88B45D246}.Release|win64.ActiveCfg = Release|Win32
		{D3A9114C-4A37-4519-AF2E-21B88B45D246}.Release|win64.Build.0 = Release|Win32
		{D3A9114C-4A37-4519-AF2E-21B88B45D246}.Release|x64.ActiveCfg = Release|Win32
		{D3A9114C-4A37-4519-AF2E-21B88B45D246}.Release|x64.Build.0 = Release|Win32
		{D3A9114C-4A37-4519-AF2E-21B88B45D246}.x64|Win32.ActiveCfg = Release|Win32
		{D3A9114C-4A37-4519-AF2E-21B88B45D246}.x64|Win32.Build.0 = Release|Win32
		{D3A9114C-4A37-4519-AF2E-21B88B45D246}.x64|win64.ActiveCfg = Release|Win32
		{D3A9114C-4A37-4519-AF2E-21B88B45D246}.x64|x64.ActiveCfg = Release|Win32
		{9E050553-D903-4B73-973B-240267B7077D}.Debug|Win32.ActiveCfg = Debug|Win32
		{9E050553-D903-4B73-973B-240267B7077D}.Debug|Win32.Build.0 = Debug|Win32
		{9E050553-D903-4B73-973B-240267B7077D}.Debug|win64.ActiveCfg = Debug|Win32
		{9E050553-D903-4B73-973B-240267B7077D}.Debug|win64.Build.0 = Debug|Win32
		{9E050553-D903-4B73-973B-240267B7077D}.Debug|x64.ActiveCfg = Debug|Win32
		{9E050553-D903-4B73-973B-240267B7077D}.Debug|x64.Build.0 = Debug|Win32
		{9E050553-D903-4B73-973B-240267B7077D}.Release|Win32.ActiveCfg = Release|Win32
		{9E050553-D903-4B73-973B-240267B7077D}.Release|Win32.Build.0 = Release|Win32
		{9E050553-D903-4B73-973B-240267B7077D}.Release|win64.ActiveCfg = Release|Win32
		{9E050553-D903-4B73-973B-240267B7077D}.Release|win64.Build.0 = Release|Win32
		{9E050553-D903-4B73-973B-240267B7077D}.Release|x64.ActiveCfg = Release|Win32
		{9E050553-D903-4B73-973B-240267B7077D}.Release|x64.Build.0 = Release|Win32
		{9E050553-D903-4B73-973B-240267B7077D}.x64|Win32.ActiveCfg = Release|Win32
		{9E050553-D903-4B73-973B-240267B7077D}.x64|Win32.Build.0 = Release|Win32
		{9E050553-D903-4B73-973B-240267B7077D}.x64|win64.ActiveCfg = Release|Win32
		{9E050553-D903-4B73-973B-240267B7077D}.x64|x64.ActiveCfg = Release|Win32
		{493DC923-660A-4EF3-AECD-17F9B07D9811}.Debug|Win32.ActiveCfg = Debug|Win32
		{493DC923-660A-4EF3-AECD-17F9B07D9811}.Debug|Win32.Build.0 = Debug|Win32
		{493DC923-660A-4EF3-AECD-17F9B07D9811}.Debug|win64.ActiveCfg = Debug|Win32
		{493DC923-660A-4EF3-AECD-17F9B07D9811}.Debug|win64.Build.0 = Debug|Win32
		{493DC923-660A-4EF3-AECD-17F9B07D9811}.Debug|x64.ActiveCfg = Debug|Win32
		{493DC923-660A-4EF3-AECD-17F9B07D9811}.Debug|x64.Build.0 = Debug|Win32
		{493DC923-660A-4EF3-AECD-17F9B07D9811}.Release|Win32.ActiveCfg = Release|Win32
		{493DC923-660A-4EF3-AECD-17F9B07D9811}.Release|Win32.Build.0 = Release|Win32
		{493DC923-660A-4EF3-AECD-17F9B07D9811}.Release|win64.ActiveCfg = Release|Win32
		{493DC923-660A-4EF3-AECD-17F9B07D9811}.Release|win64.Build.0 = Release|Win32
		{493DC923-660A-4EF3-AECD-17F9B07D9811}.Release|x64.ActiveCfg = Release|Win32
		{493DC923-660A-4EF3-AECD-17F9B07D9811}.Release|x64.Build.0 = Release|Win32
		{493DC923-660A-4EF3-AECD-17F9B07D9811}.x64|Win32.ActiveCfg = Release|Win32
		{493DC923-660A-4EF3-AECD-17F9B07D9811}.x64|Win32.Build.0 = Release|Win32
		{493DC923-660A-4EF3-AECD-17F9B07D9811}.x64|win64.ActiveCfg = Release|Win32
		{493DC923-660A-4EF3-AECD-17F9B07D9811}.x64|x64.ActiveCfg = Release|Win32
		{C41EA0A2-C78C-461A-939C-63D3F3984426}.Debug|Win32.ActiveCfg = Debug|Win32
		{C41EA0A2-C78C-461A-939C-63D3F3984426}.Debug|Win32.Build.0 = Debug|Win32
		{C41EA0A2-C78C-461A-939C-63D3F3984426}.Debug|win64.ActiveCfg = Debug|Win32
		{C41EA0A2-C78C-461A-939C-63D3F3984426}.Debug|win64.Build.0 = Debug|Win32
		{C41EA0A2-C78C-461A-939C-63D3F3984426}.Debug|x64.ActiveCfg = Debug|Win32
		{C41EA0A2-C78C-461A-939C-63D3F3984426}.Debug|x64.Build.0 = Debug|Win32
		{C41EA0A2-C78C-461A-939C-63D3F3984426}.Release|Win32.ActiveCfg = Release|Win32
		{C41EA0A2-C78C-461A-939C-63D3F3984426}.Release|Win32.Build.0 = Release|Win32
		{C41EA0A2-C78C-461A-939C-63D3F3984426}.Release|win64.ActiveCfg = Release|Win32
		{C41EA0A2-C78C-461A-939C-63D3F3984426}.Release|win64.Build.0 = Release|Win32
		{C41EA0A2-C78C-461A-939C-63D3F3984426}.Release|x64.ActiveCfg = Release|Win32
		{C41EA0A2-C78C-461A-939C-63D3F3984426}.Release|x64.Build.0 = Release|Win32
		{C41EA0A2-C78C-461A-939C-63D3F3984426}.x64|Win32.ActiveCfg = x64|Win32
		{C41EA0A2-C78C-461A-939C-63D3F3984426}.x64|Win32.Build.0 = x64|Win32
		{C41EA0A2-C78C-461A-939C-63D3F3984426}.x64|win64.ActiveCfg = x64|Win32
		{C41EA0A2-C78C-461A-939C-63D3F3984426}.x64|x64.ActiveCfg = x64|Win32
		{C41EA0A2-C78C-461A-939C-63D3F3984426}.x64|x64.Build.0 = x64|Win32
		{0B4F08E2-D1ED-4C48-92CF-24F48FA5D4BB}.Debug|Win32.ActiveCfg = Debug|Win32
		{0B4F08E2-D1ED-4C48-92CF-24F48FA5D4BB}.Debug|Win32.Build.0 = Debug|Win32
		{0B4F08E2-D1ED-4C48-92CF-24F48FA5D4BB}.Debug|win64.ActiveCfg = Debug|Win32
		{0B4F08E2-D1ED-4C48-92CF-24F48FA5D4BB}.Debug|x64.ActiveCfg = Debug|Win32
		{0B4F08E2-D1ED-4C48-92CF-24F48FA5D4BB}.Release|Win32.ActiveCfg = Release|Win32
		{0B4F08E2-D1ED-4C48-92CF-24F48FA5D4BB}.Release|Win32.Build.0 = Release|Win32
		{0B4F08E2-D1ED-4C48-92CF-24F48FA5D4BB}.Release|win64.ActiveCfg = Release|Win32
		{0B4F08E2-D1ED-4C48-92CF-24F48FA5D4BB}.Release|x64.ActiveCfg = Release|Win32
		{0B4F08E2-D1ED-4C48-92CF-24F48FA5D4BB}.x64|Win32.ActiveCfg = Release|Win32
		{0B4F08E2-D1ED-4C48-92CF-24F48FA5D4BB}.x64|Win32.Build.0 = Release|Win32
		{0B4F08E2-D1ED-4C48-92CF-24F48FA5D4BB}.x64|win64.ActiveCfg = Release|Win32
		{0B4F08E2-D1ED-4C48-92CF-24F48FA5D4BB}.x64|x64.ActiveCfg = Release|Win32
	EndGlobalSection
	GlobalSection(SolutionProperties) = preSolution
		HideSolutionNode = FALSE
	EndGlobalSection
EndGlobal
