
Microsoft Visual Studio Solution File, Format Version 11.00
# Visual C++ Express 2010
Project("{8BC9CEB8-8B4A-11D0-8D11-00A0C91BC942}") = "zuoye", "zuoye\zuoye.vcxproj", "{BD34D8FE-A9F6-48A0-ABEC-6E7F2374E8A8}"
EndProject
Global
	GlobalSection(SolutionConfigurationPlatforms) = preSolution
		Debug|Win32 = Debug|Win32
		Release|Win32 = Release|Win32
	EndGlobalSection
	GlobalSection(ProjectConfigurationPlatforms) = postSolution
		{BD34D8FE-A9F6-48A0-ABEC-6E7F2374E8A8}.Debug|Win32.ActiveCfg = Debug|Win32
		{BD34D8FE-A9F6-48A0-ABEC-6E7F2374E8A8}.Debug|Win32.Build.0 = Debug|Win32
		{BD34D8FE-A9F6-48A0-ABEC-6E7F2374E8A8}.Release|Win32.ActiveCfg = Release|Win32
		{BD34D8FE-A9F6-48A0-ABEC-6E7F2374E8A8}.Release|Win32.Build.0 = Release|Win32
	EndGlobalSection
	GlobalSection(SolutionProperties) = preSolution
		HideSolutionNode = FALSE
	EndGlobalSection
EndGlobal
